
Microsoft Visual Studio Solution File, Format Version 12.00
# Visual Studio Version 17
VisualStudioVersion = 17.7.34221.43
MinimumVisualStudioVersion = 10.0.40219.1
Project("{FAE04EC0-301F-11D3-BF4B-00C04F79EFBC}") = "Client", "Client\Client.csproj", "{90A8E3B0-A10B-4282-B5AB-89FE92A33D64}"
EndProject
Project("{FAE04EC0-301F-11D3-BF4B-00C04F79EFBC}") = "Common", "Common\Common.csproj", "{A2576B69-5C4A-4C64-948C-B51F33B14852}"
EndProject
Project("{FAE04EC0-301F-11D3-BF4B-00C04F79EFBC}") = "Repository", "Repository\Repository.csproj", "{AAF2E777-C84B-4C4D-836C-75209C156540}"
EndProject
Project("{FAE04EC0-301F-11D3-BF4B-00C04F79EFBC}") = "Server", "Server\Server.csproj", "{EA4E73C0-6277-4227-9252-55BF13F0BE8A}"
EndProject
Project("{FAE04EC0-301F-11D3-BF4B-00C04F79EFBC}") = "SystemOperations", "SystemOperations\SystemOperations.csproj", "{121F1F14-6F12-423F-AC0D-A3EB23ACF00E}"
EndProject
Global
	GlobalSection(SolutionConfigurationPlatforms) = preSolution
		Debug|Any CPU = Debug|Any CPU
		Release|Any CPU = Release|Any CPU
	EndGlobalSection
	GlobalSection(ProjectConfigurationPlatforms) = postSolution
		{90A8E3B0-A10B-4282-B5AB-89FE92A33D64}.Debug|Any CPU.ActiveCfg = Debug|Any CPU
		{90A8E3B0-A10B-4282-B5AB-89FE92A33D64}.Debug|Any CPU.Build.0 = Debug|Any CPU
		{90A8E3B0-A10B-4282-B5AB-89FE92A33D64}.Release|Any CPU.ActiveCfg = Release|Any CPU
		{90A8E3B0-A10B-4282-B5AB-89FE92A33D64}.Release|Any CPU.Build.0 = Release|Any CPU
		{A2576B69-5C4A-4C64-948C-B51F33B14852}.Debug|Any CPU.ActiveCfg = Debug|Any CPU
		{A2576B69-5C4A-4C64-948C-B51F33B14852}.Debug|Any CPU.Build.0 = Debug|Any CPU
		{A2576B69-5C4A-4C64-948C-B51F33B14852}.Release|Any CPU.ActiveCfg = Release|Any CPU
		{A2576B69-5C4A-4C64-948C-B51F33B14852}.Release|Any CPU.Build.0 = Release|Any CPU
		{AAF2E777-C84B-4C4D-836C-75209C156540}.Debug|Any CPU.ActiveCfg = Debug|Any CPU
		{AAF2E777-C84B-4C4D-836C-75209C156540}.Debug|Any CPU.Build.0 = Debug|Any CPU
		{AAF2E777-C84B-4C4D-836C-75209C156540}.Release|Any CPU.ActiveCfg = Release|Any CPU
		{AAF2E777-C84B-4C4D-836C-75209C156540}.Release|Any CPU.Build.0 = Release|Any CPU
		{EA4E73C0-6277-4227-9252-55BF13F0BE8A}.Debug|Any CPU.ActiveCfg = Debug|Any CPU
		{EA4E73C0-6277-4227-9252-55BF13F0BE8A}.Debug|Any CPU.Build.0 = Debug|Any CPU
		{EA4E73C0-6277-4227-9252-55BF13F0BE8A}.Release|Any CPU.ActiveCfg = Release|Any CPU
		{EA4E73C0-6277-4227-9252-55BF13F0BE8A}.Release|Any CPU.Build.0 = Release|Any CPU
		{121F1F14-6F12-423F-AC0D-A3EB23ACF00E}.Debug|Any CPU.ActiveCfg = Debug|Any CPU
		{121F1F14-6F12-423F-AC0D-A3EB23ACF00E}.Debug|Any CPU.Build.0 = Debug|Any CPU
		{121F1F14-6F12-423F-AC0D-A3EB23ACF00E}.Release|Any CPU.ActiveCfg = Release|Any CPU
		{121F1F14-6F12-423F-AC0D-A3EB23ACF00E}.Release|Any CPU.Build.0 = Release|Any CPU
	EndGlobalSection
	GlobalSection(SolutionProperties) = preSolution
		HideSolutionNode = FALSE
	EndGlobalSection
	GlobalSection(ExtensibilityGlobals) = postSolution
		SolutionGuid = {D4C6BA65-D7C7-45BF-B9A5-89D709350D71}
	EndGlobalSection
EndGlobal
